
Microsoft Visual Studio Solution File, Format Version 12.00
# Visual Studio Version 17
VisualStudioVersion = 17.13.35931.197
MinimumVisualStudioVersion = 10.0.40219.1
Project("{2150E333-8FDC-42A3-9474-1A3956D46DE8}") = "01", "01", "{02EA681E-C7D8-13C7-8484-4AC65E1B71E8}"
EndProject
Project("{FAE04EC0-301F-11D3-BF4B-00C04F79EFBC}") = "Ejercicio01.Entidades", "Ejercicio01.Entidades\Ejercicio01.Entidades.csproj", "{9DB6E6D2-8C28-4E55-9557-2DD7C52FAEB0}"
EndProject
Project("{FAE04EC0-301F-11D3-BF4B-00C04F79EFBC}") = "Ejercicio01.Consola", "Ejercicio01.Consola\Ejercicio01.Consola.csproj", "{E0931255-F640-4914-9341-AC39410D59CE}"
EndProject
Project("{2150E333-8FDC-42A3-9474-1A3956D46DE8}") = "Utilidades", "Utilidades", "{7CDE75DD-9891-4B47-8FCF-EBB95CC53D01}"
EndProject
Project("{FAE04EC0-301F-11D3-BF4B-00C04F79EFBC}") = "UtilidadesPractico04", "UtilidadesPractico04\UtilidadesPractico04.csproj", "{69BF58C7-CE71-4E31-8B51-7B32DD01F9BE}"
EndProject
Project("{FAE04EC0-301F-11D3-BF4B-00C04F79EFBC}") = "Ejercicio01.Windows", "Ejercicio01.Windows\Ejercicio01.Windows.csproj", "{C3BE6BDE-3F88-491B-97AB-BA3549EB613D}"
EndProject
Project("{2150E333-8FDC-42A3-9474-1A3956D46DE8}") = "04", "04", "{1B064EBF-CB77-460E-93DD-31CD34AA9B94}"
EndProject
Project("{FAE04EC0-301F-11D3-BF4B-00C04F79EFBC}") = "Ejercicio04.Entidades", "Ejercicio04.Entidades\Ejercicio04.Entidades.csproj", "{11098A50-561C-44D2-A174-2ABA687C9F7B}"
EndProject
Project("{FAE04EC0-301F-11D3-BF4B-00C04F79EFBC}") = "Ejercicio04.Consola", "Ejercicio04.Consola\Ejercicio04.Consola.csproj", "{A43F9B3A-1FB8-4A62-A17E-22A64414D48F}"
EndProject
Project("{2150E333-8FDC-42A3-9474-1A3956D46DE8}") = "05", "05", "{E0CD1F66-A4CF-4094-B61B-381AEA04C41D}"
EndProject
Project("{FAE04EC0-301F-11D3-BF4B-00C04F79EFBC}") = "Ejercicio05.Entidades", "Ejercicio05.Entidades\Ejercicio05.Entidades.csproj", "{1E69AE20-A6DE-4BDA-BA8C-25505DAF776C}"
EndProject
Project("{FAE04EC0-301F-11D3-BF4B-00C04F79EFBC}") = "Ejercicio5.Consola", "Ejercicio5.Consola\Ejercicio5.Consola.csproj", "{8FD98A3F-8AED-4B93-8823-E4A2A2328E8E}"
EndProject
Project("{2150E333-8FDC-42A3-9474-1A3956D46DE8}") = "03", "03", "{C3B811DF-880D-468D-BF0B-56BDCAB7BA49}"
EndProject
Project("{FAE04EC0-301F-11D3-BF4B-00C04F79EFBC}") = "Ejercicio03.Consola", "Ejercicio03.Consola\Ejercicio03.Consola.csproj", "{F464FA50-7D1C-4D37-925B-27276326CF42}"
EndProject
Project("{FAE04EC0-301F-11D3-BF4B-00C04F79EFBC}") = "Ejercicio03.Entidades", "Ejercicio03.Entidades\Ejercicio03.Entidades.csproj", "{152C3406-D954-44C2-8363-76380CBD4909}"
EndProject
Project("{FAE04EC0-301F-11D3-BF4B-00C04F79EFBC}") = "Ejercicio03.Windows", "Ejercicio03.Windows\Ejercicio03.Windows.csproj", "{0324AC1F-024B-4A8D-B3C9-CD02B8761202}"
EndProject
Global
	GlobalSection(SolutionConfigurationPlatforms) = preSolution
		Debug|Any CPU = Debug|Any CPU
		Release|Any CPU = Release|Any CPU
	EndGlobalSection
	GlobalSection(ProjectConfigurationPlatforms) = postSolution
		{9DB6E6D2-8C28-4E55-9557-2DD7C52FAEB0}.Debug|Any CPU.ActiveCfg = Debug|Any CPU
		{9DB6E6D2-8C28-4E55-9557-2DD7C52FAEB0}.Debug|Any CPU.Build.0 = Debug|Any CPU
		{9DB6E6D2-8C28-4E55-9557-2DD7C52FAEB0}.Release|Any CPU.ActiveCfg = Release|Any CPU
		{9DB6E6D2-8C28-4E55-9557-2DD7C52FAEB0}.Release|Any CPU.Build.0 = Release|Any CPU
		{E0931255-F640-4914-9341-AC39410D59CE}.Debug|Any CPU.ActiveCfg = Debug|Any CPU
		{E0931255-F640-4914-9341-AC39410D59CE}.Debug|Any CPU.Build.0 = Debug|Any CPU
		{E0931255-F640-4914-9341-AC39410D59CE}.Release|Any CPU.ActiveCfg = Release|Any CPU
		{E0931255-F640-4914-9341-AC39410D59CE}.Release|Any CPU.Build.0 = Release|Any CPU
		{69BF58C7-CE71-4E31-8B51-7B32DD01F9BE}.Debug|Any CPU.ActiveCfg = Debug|Any CPU
		{69BF58C7-CE71-4E31-8B51-7B32DD01F9BE}.Debug|Any CPU.Build.0 = Debug|Any CPU
		{69BF58C7-CE71-4E31-8B51-7B32DD01F9BE}.Release|Any CPU.ActiveCfg = Release|Any CPU
		{69BF58C7-CE71-4E31-8B51-7B32DD01F9BE}.Release|Any CPU.Build.0 = Release|Any CPU
		{C3BE6BDE-3F88-491B-97AB-BA3549EB613D}.Debug|Any CPU.ActiveCfg = Debug|Any CPU
		{C3BE6BDE-3F88-491B-97AB-BA3549EB613D}.Debug|Any CPU.Build.0 = Debug|Any CPU
		{C3BE6BDE-3F88-491B-97AB-BA3549EB613D}.Release|Any CPU.ActiveCfg = Release|Any CPU
		{C3BE6BDE-3F88-491B-97AB-BA3549EB613D}.Release|Any CPU.Build.0 = Release|Any CPU
		{11098A50-561C-44D2-A174-2ABA687C9F7B}.Debug|Any CPU.ActiveCfg = Debug|Any CPU
		{11098A50-561C-44D2-A174-2ABA687C9F7B}.Debug|Any CPU.Build.0 = Debug|Any CPU
		{11098A50-561C-44D2-A174-2ABA687C9F7B}.Release|Any CPU.ActiveCfg = Release|Any CPU
		{11098A50-561C-44D2-A174-2ABA687C9F7B}.Release|Any CPU.Build.0 = Release|Any CPU
		{A43F9B3A-1FB8-4A62-A17E-22A64414D48F}.Debug|Any CPU.ActiveCfg = Debug|Any CPU
		{A43F9B3A-1FB8-4A62-A17E-22A64414D48F}.Debug|Any CPU.Build.0 = Debug|Any CPU
		{A43F9B3A-1FB8-4A62-A17E-22A64414D48F}.Release|Any CPU.ActiveCfg = Release|Any CPU
		{A43F9B3A-1FB8-4A62-A17E-22A64414D48F}.Release|Any CPU.Build.0 = Release|Any CPU
		{1E69AE20-A6DE-4BDA-BA8C-25505DAF776C}.Debug|Any CPU.ActiveCfg = Debug|Any CPU
		{1E69AE20-A6DE-4BDA-BA8C-25505DAF776C}.Debug|Any CPU.Build.0 = Debug|Any CPU
		{1E69AE20-A6DE-4BDA-BA8C-25505DAF776C}.Release|Any CPU.ActiveCfg = Release|Any CPU
		{1E69AE20-A6DE-4BDA-BA8C-25505DAF776C}.Release|Any CPU.Build.0 = Release|Any CPU
		{8FD98A3F-8AED-4B93-8823-E4A2A2328E8E}.Debug|Any CPU.ActiveCfg = Debug|Any CPU
		{8FD98A3F-8AED-4B93-8823-E4A2A2328E8E}.Debug|Any CPU.Build.0 = Debug|Any CPU
		{8FD98A3F-8AED-4B93-8823-E4A2A2328E8E}.Release|Any CPU.ActiveCfg = Release|Any CPU
		{8FD98A3F-8AED-4B93-8823-E4A2A2328E8E}.Release|Any CPU.Build.0 = Release|Any CPU
		{F464FA50-7D1C-4D37-925B-27276326CF42}.Debug|Any CPU.ActiveCfg = Debug|Any CPU
		{F464FA50-7D1C-4D37-925B-27276326CF42}.Debug|Any CPU.Build.0 = Debug|Any CPU
		{F464FA50-7D1C-4D37-925B-27276326CF42}.Release|Any CPU.ActiveCfg = Release|Any CPU
		{F464FA50-7D1C-4D37-925B-27276326CF42}.Release|Any CPU.Build.0 = Release|Any CPU
		{152C3406-D954-44C2-8363-76380CBD4909}.Debug|Any CPU.ActiveCfg = Debug|Any CPU
		{152C3406-D954-44C2-8363-76380CBD4909}.Debug|Any CPU.Build.0 = Debug|Any CPU
		{152C3406-D954-44C2-8363-76380CBD4909}.Release|Any CPU.ActiveCfg = Release|Any CPU
		{152C3406-D954-44C2-8363-76380CBD4909}.Release|Any CPU.Build.0 = Release|Any CPU
		{0324AC1F-024B-4A8D-B3C9-CD02B8761202}.Debug|Any CPU.ActiveCfg = Debug|Any CPU
		{0324AC1F-024B-4A8D-B3C9-CD02B8761202}.Debug|Any CPU.Build.0 = Debug|Any CPU
		{0324AC1F-024B-4A8D-B3C9-CD02B8761202}.Release|Any CPU.ActiveCfg = Release|Any CPU
		{0324AC1F-024B-4A8D-B3C9-CD02B8761202}.Release|Any CPU.Build.0 = Release|Any CPU
	EndGlobalSection
	GlobalSection(SolutionProperties) = preSolution
		HideSolutionNode = FALSE
	EndGlobalSection
	GlobalSection(NestedProjects) = preSolution
		{9DB6E6D2-8C28-4E55-9557-2DD7C52FAEB0} = {02EA681E-C7D8-13C7-8484-4AC65E1B71E8}
		{E0931255-F640-4914-9341-AC39410D59CE} = {02EA681E-C7D8-13C7-8484-4AC65E1B71E8}
		{69BF58C7-CE71-4E31-8B51-7B32DD01F9BE} = {7CDE75DD-9891-4B47-8FCF-EBB95CC53D01}
		{C3BE6BDE-3F88-491B-97AB-BA3549EB613D} = {02EA681E-C7D8-13C7-8484-4AC65E1B71E8}
		{11098A50-561C-44D2-A174-2ABA687C9F7B} = {1B064EBF-CB77-460E-93DD-31CD34AA9B94}
		{A43F9B3A-1FB8-4A62-A17E-22A64414D48F} = {1B064EBF-CB77-460E-93DD-31CD34AA9B94}
		{1E69AE20-A6DE-4BDA-BA8C-25505DAF776C} = {E0CD1F66-A4CF-4094-B61B-381AEA04C41D}
		{8FD98A3F-8AED-4B93-8823-E4A2A2328E8E} = {E0CD1F66-A4CF-4094-B61B-381AEA04C41D}
		{F464FA50-7D1C-4D37-925B-27276326CF42} = {C3B811DF-880D-468D-BF0B-56BDCAB7BA49}
		{152C3406-D954-44C2-8363-76380CBD4909} = {C3B811DF-880D-468D-BF0B-56BDCAB7BA49}
		{0324AC1F-024B-4A8D-B3C9-CD02B8761202} = {C3B811DF-880D-468D-BF0B-56BDCAB7BA49}
	EndGlobalSection
	GlobalSection(ExtensibilityGlobals) = postSolution
		SolutionGuid = {A9C59AC6-71CD-448F-9BF1-ED9048DD5BE5}
	EndGlobalSection
EndGlobal
